
Microsoft Visual Studio Solution File, Format Version 12.00
# Visual Studio Version 17
VisualStudioVersion = 17.11.35303.130
MinimumVisualStudioVersion = 10.0.40219.1
Project("{FAE04EC0-301F-11D3-BF4B-00C04F79EFBC}") = "cube-api", "cube-api.csproj", "{3EE3A587-0289-49C5-AC5F-E0E77F36C83B}"
EndProject
Global
	GlobalSection(SolutionConfigurationPlatforms) = preSolution
		Debug|Any CPU = Debug|Any CPU
		Release|Any CPU = Release|Any CPU
	EndGlobalSection
	GlobalSection(ProjectConfigurationPlatforms) = postSolution
		{3EE3A587-0289-49C5-AC5F-E0E77F36C83B}.Debug|Any CPU.ActiveCfg = Debug|Any CPU
		{3EE3A587-0289-49C5-AC5F-E0E77F36C83B}.Debug|Any CPU.Build.0 = Debug|Any CPU
		{3EE3A587-0289-49C5-AC5F-E0E77F36C83B}.Release|Any CPU.ActiveCfg = Release|Any CPU
		{3EE3A587-0289-49C5-AC5F-E0E77F36C83B}.Release|Any CPU.Build.0 = Release|Any CPU
	EndGlobalSection
	GlobalSection(SolutionProperties) = preSolution
		HideSolutionNode = FALSE
	EndGlobalSection
	GlobalSection(ExtensibilityGlobals) = postSolution
		SolutionGuid = {9B59E4D9-B448-4AF4-AB5A-0F856D7ED31C}
	EndGlobalSection
EndGlobal
